[[package]]
category = "main"
description = "Extensible memoizing collections and decorators"
name = "cachetools"
optional = false
python-versions = "*"
version = "3.1.0"

[[package]]
category = "main"
description = "A high-level Python Web framework that encourages rapid development and clean, pragmatic design."
name = "django"
optional = false
python-versions = ">=3.5"
version = "2.2"

[package.dependencies]
pytz = "*"
sqlparse = "*"

[[package]]
category = "main"
description = "Best way to have Django DRY forms"
name = "django-crispy-forms"
optional = false
python-versions = "*"
version = "1.7.2"

[[package]]
category = "main"
description = "Google API Client Library for Python"
name = "google-api-python-client"
optional = false
python-versions = ">=2.7,!=3.0.*,!=3.1.*,!=3.2.*,!=3.3.*"
version = "1.7.8"

[package.dependencies]
google-auth = ">=1.4.1"
google-auth-httplib2 = ">=0.0.3"
httplib2 = ">=0.9.2,<1dev"
six = ">=1.6.1,<2dev"
uritemplate = ">=3.0.0,<4dev"

[[package]]
category = "main"
description = "Google Authentication Library"
name = "google-auth"
optional = false
python-versions = ">=2.7,!=3.0.*,!=3.1.*,!=3.2.*,!=3.3.*"
version = "1.6.3"

[package.dependencies]
cachetools = ">=2.0.0"
pyasn1-modules = ">=0.2.1"
rsa = ">=3.1.4"
six = ">=1.9.0"

[[package]]
category = "main"
description = "Google Authentication Library: httplib2 transport"
name = "google-auth-httplib2"
optional = false
python-versions = "*"
version = "0.0.3"

[package.dependencies]
google-auth = "*"
httplib2 = ">=0.9.1"

[[package]]
category = "main"
description = "A comprehensive HTTP client library."
name = "httplib2"
optional = false
python-versions = "*"
version = "0.12.3"

[[package]]
category = "main"
description = "OAuth 2.0 client library"
name = "oauth2client"
optional = false
python-versions = "*"
version = "4.1.3"

[package.dependencies]
httplib2 = ">=0.9.1"
pyasn1 = ">=0.1.7"
pyasn1-modules = ">=0.0.5"
rsa = ">=3.1.4"
six = ">=1.6.1"

[[package]]
category = "main"
description = "ASN.1 types and codecs"
name = "pyasn1"
optional = false
python-versions = "*"
version = "0.4.5"

[[package]]
category = "main"
description = "A collection of ASN.1-based protocols modules."
name = "pyasn1-modules"
optional = false
python-versions = "*"
version = "0.2.5"

[package.dependencies]
pyasn1 = ">=0.4.1,<0.5.0"

[[package]]
category = "main"
description = "Cryptographic library for Python"
name = "pycryptodome"
optional = false
python-versions = ">=2.6, !=3.0.*, !=3.1.*, !=3.2.*, !=3.3.*"
version = "3.8.1"

[[package]]
category = "main"
description = "World timezone definitions, modern and historical"
name = "pytz"
optional = false
python-versions = "*"
version = "2019.1"

[[package]]
category = "main"
description = "Pure-Python RSA implementation"
name = "rsa"
optional = false
python-versions = "*"
version = "4.0"

[package.dependencies]
pyasn1 = ">=0.1.3"

[[package]]
category = "main"
description = "Python 2 and 3 compatibility utilities"
name = "six"
optional = false
python-versions = ">=2.6, !=3.0.*, !=3.1.*"
version = "1.12.0"

[[package]]
category = "main"
description = "Non-validating SQL parser"
name = "sqlparse"
optional = false
python-versions = ">=2.7, !=3.0.*, !=3.1.*, !=3.2.*, !=3.3.*"
version = "0.3.0"

[[package]]
category = "main"
description = "URI templates"
name = "uritemplate"
optional = false
python-versions = "*"
version = "3.0.0"

[metadata]
content-hash = "d27abc968d3987ee46a79ddaa38d20ed8f762ab6aeb2bb05b124b1dc9cab19e5"
python-versions = "^3.7"

[metadata.hashes]
cachetools = ["219b7dc6024195b6f2bc3d3f884d1fef458745cd323b04165378622dcc823852", "9efcc9fab3b49ab833475702b55edd5ae07af1af7a4c627678980b45e459c460"]
django = ["7c3543e4fb070d14e10926189a7fcf42ba919263b7473dceaefce34d54e8a119", "a2814bffd1f007805b19194eb0b9a331933b82bd5da1c3ba3d7b7ba16e06dc4b"]
django-crispy-forms = ["5952bab971110d0b86c278132dae0aa095beee8f723e625c3d3fa28888f1675f", "705ededc554ad8736157c666681165fe22ead2dec0d5446d65fc9dd976a5a876"]
google-api-python-client = ["06907006ed5ce831018f03af3852d739c0b2489cdacfda6971bcc2075c762858", "937eabdc3940977f712fa648a096a5142766b6d0a0f58bc603e2ac0687397ef0"]
google-auth = ["0f7c6a64927d34c1a474da92cfc59e552a5d3b940d3266606c6a28b72888b9e4", "20705f6803fd2c4d1cc2dcb0df09d4dfcb9a7d51fd59e94a3a28231fd93119ed"]
google-auth-httplib2 = ["098fade613c25b4527b2c08fa42d11f3c2037dda8995d86de0745228e965d445", "f1c437842155680cf9918df9bc51c1182fda41feef88c34004bd1978c8157e08"]
httplib2 = ["23914b5487dfe8ef09db6656d6d63afb0cf3054ad9ebc50868ddc8e166b5f8e8", "a18121c7c72a56689efbf1aef990139ad940fee1e64c6f2458831736cd593600"]
oauth2client = ["b8a81cc5d60e2d364f0b1b98f958dbd472887acaf1a5b05e21c28c31a2d6d3ac", "d486741e451287f69568a4d26d70d9acd73a2bbfa275746c535b4209891cccc6"]
pyasn1 = ["061442c60842f6d11051d4fdae9bc197b64bd41573a12234a753a0cb80b4f30b", "0ee2449bf4c4e535823acc25624c45a8b454f328d59d3f3eeb82d3567100b9bd", "5f9fb05c33e53b9a6ee3b1ed1d292043f83df465852bec876e93b47fd2df7eed", "65201d28e081f690a32401e6253cca4449ccacc8f3988e811fae66bd822910ee", "79b336b073a52fa3c3d8728e78fa56b7d03138ef59f44084de5f39650265b5ff", "8ec20f61483764de281e0b4aba7d12716189700debcfa9e7935780850bf527f3", "9458d0273f95d035de4c0d5e0643f25daba330582cc71bb554fe6969c015042a", "98d97a1833a29ca61cd04a60414def8f02f406d732f9f0bcb49f769faff1b699", "b00d7bfb6603517e189d1ad76967c7e805139f63e43096e5f871d1277f50aea5", "b06c0cfd708b806ea025426aace45551f91ea7f557e0c2d4fbd9a4b346873ce0", "d14d05984581770333731690f5453efd4b82e1e5d824a1d7976b868a2e5c38e8", "da2420fe13a9452d8ae97a0e478adde1dee153b11ba832a95b223a2ba01c10f7", "da6b43a8c9ae93bc80e2739efb38cc776ba74a886e3e9318d65fe81a8b8a2c6e"]
pyasn1-modules = ["230730c6e63d283df75459b1b791d73648f801fd46ffcc9eb1abd16c67dfa3a6", "27f09b212203f820bc982937bd41952e856610dbd7c48d9366e8e63a551824c8", "490ed2974883c6e3d0ee53f53b32427f29ea030345c11d690788d1ed31ed666b", "49663b587853cd8783427d2fd115c862916bdd3c01656a8110ecd1950699e28f", "4df864e4dd01e600ffe280191a6630bb5b86d46382c1bcec4d03a700cb35c8b9", "6eeef742c31e285c23ebef32d8e0fee5e4ee1a563bb5171684621165b7e65627", "d1c66c80615ee74b1f3867d31b14e81f5f961a0e1afe5429838f21b5065d0161", "d7aa971a8cd79482ec5ae98705b54fdfaf834c24ed93ebc83f422c7700412b47", "e573fcf31e72c2ede48a58c8559fe9083cd007623c99a3eaf0c8f5719c09a2f8", "e980f089e3ec8116d6a5154c80f002ca941ad3446b5048a5b6d225f24ded85bb", "ef721f68f7951fab9b0404d42590f479e30d9005daccb1699b0a51bb4177db96", "f01c6899938f635b2ff4d158e760625416e20f03c612cfc9da7e97798c84e916", "f309b6c94724aeaf7ca583feb1cc70430e10d7551de5e36edfc1ae6909bcfb3c"]
pycryptodome = ["02838a7184803c05710ccb4f3c9129fe26b2634f04daf017a3490d8be5f55b62", "04b710f55141c06388aa60d6d4a1d704b79f25b03fa9e61b0b1b9fcf0766e2ea", "0c54852415567fc53b656b528612d3f8084c127086c38370a2985fbac4892298", "0e59d4e06b0cdb57132387144051101eaa9bbde447b62db9660345d247212ff9", "134479b4f4743402e7e8740f1bf3d779efd95b467c2535c600332b55d0b34686", "1961a6cbd30926a812809efd0f17bd677f54857ac5fd0b0e2638ad4891407dd0", "1e8f2d1b97578f0950a46128cca8b2dc44f224c4c08309a66ca53c4a33839fdd", "213d360d5e145a2ff4d9d90afab9e2b2d99174114aa4b4c04888937730c7ef57", "24dc9a6bc59d4e4fb182197327db1e92e15c598729889132195b420dbcc48468", "3c24117d7fc65f5e299550abd7fa5c612813d0891b4db36d8b8cd02442674306", "432b19da6106785825cbcaea50a8c3846ec9cd4678702f89e02985d27a73a314", "5897e1e336c30274279f23a0f1ea81fdb43c51b514d6ac0f376ff835f420a33e", "68ad0ce4a374577a26bb7f458575abe3c2a342818b5280de6e5738870b7761b3", "68e50aa3230841dc296004e084ceb74225c92da951cff808122242af8a735501", "74bd385d89aca3f8860d56caadead5dcb9e1abdf5774739c4aa9fe3cf56bb34f", "783cffd29fb0dbf6498bd225c1b7194f8372258166c7585fb777075226b04b64", "933750922193899d5601404c0d0637c4da12593ac2c54a16ba841b8afef44c9b", "9871164f10b7bc87b88559b66e632528e766fcd0a84324a803860883b51f4c87", "99a2f931e1bf87c95e465bc74ef0276ce735f1def575d52b67e117f712a63243", "a53be389125c79728658bf42bf711a277c8ac1b3690d26303bb8b0a9217d8cb9", "a68e85d19a870d8f54d7d78fbdefac640bb694aca216223b5987456cdf4d50ff", "ae4070cfa271f78e9f74cde4f6b8c3869facfa4749b96e9bc7fbd1959d75f167", "b3d3215c5a3392a6c1f537d38c13e014d93f9b33277048f06c7ede4c6926b8bd", "df1d5540021b79230cfe8f80bb1f13ee1a626eab10161a26784b78c122c845db", "dfdca3079aac696a25edb9a0b59595b9b776426f61587bf5a974596da217834e", "e874188bb9c274de2dcc0995e885f15732fd0a43c7ef581eff54eef2b11d83c7", "e9ff57287d899d2c4e17e523ac46d1e90902f3b36a81f0e6817238ff0219597f", "ecb7718fc0087a67023fb4a78dd8ebb883d66c49f0465ad656b3213bb1841631"]
pytz = ["303879e36b721603cc54604edcac9d20401bdbe31e1e4fdee5b9f98d5d31dfda", "d747dd3d23d77ef44c6a3526e274af6efeb0a6f1afd5a69ba4d5be4098c8e141"]
rsa = ["14ba45700ff1ec9eeb206a2ce76b32814958a98e372006c8fb76ba820211be66", "1a836406405730121ae9823e19c6e806c62bbad73f890574fff50efa4122c487"]
six = ["3350809f0555b11f552448330d0b52d5f24c91a322ea4a15ef22629740f3761c", "d16a0141ec1a18405cd4ce8b4613101da75da0e9a7aec5bdd4fa804d0e0eba73"]
sqlparse = ["40afe6b8d4b1117e7dff5504d7a8ce07d9a1b15aeeade8a2d10f130a834f8177", "7c3dca29c022744e95b547e867cee89f4fce4373f3549ccd8797d8eb52cdb873"]
uritemplate = ["01c69f4fe8ed503b2951bef85d996a9d22434d2431584b5b107b2981ff416fbd", "1b9c467a940ce9fb9f50df819e8ddd14696f89b9a8cc87ac77952ba416e0a8fd", "c02643cebe23fc8adb5e6becffe201185bf06c40bda5c0b4028a93f1527d011d"]
