[[package]]
category = "main"
description = "Extensible memoizing collections and decorators"
name = "cachetools"
optional = false
python-versions = "*"
version = "3.1.0"

[[package]]
category = "main"
description = "A high-level Python Web framework that encourages rapid development and clean, pragmatic design."
name = "django"
optional = false
python-versions = ">=3.5"
version = "2.2.1"

[package.dependencies]
pytz = "*"
sqlparse = "*"

[[package]]
category = "main"
description = "Best way to have Django DRY forms"
name = "django-crispy-forms"
optional = false
python-versions = "*"
version = "1.7.2"

[[package]]
category = "main"
description = "Google API Client Library for Python"
name = "google-api-python-client"
optional = false
python-versions = ">=2.7,!=3.0.*,!=3.1.*,!=3.2.*,!=3.3.*"
version = "1.7.8"

[package.dependencies]
google-auth = ">=1.4.1"
google-auth-httplib2 = ">=0.0.3"
httplib2 = ">=0.9.2,<1dev"
six = ">=1.6.1,<2dev"
uritemplate = ">=3.0.0,<4dev"

[[package]]
category = "main"
description = "Google Authentication Library"
name = "google-auth"
optional = false
python-versions = ">=2.7,!=3.0.*,!=3.1.*,!=3.2.*,!=3.3.*"
version = "1.6.3"

[package.dependencies]
cachetools = ">=2.0.0"
pyasn1-modules = ">=0.2.1"
rsa = ">=3.1.4"
six = ">=1.9.0"

[[package]]
category = "main"
description = "Google Authentication Library: httplib2 transport"
name = "google-auth-httplib2"
optional = false
python-versions = "*"
version = "0.0.3"

[package.dependencies]
google-auth = "*"
httplib2 = ">=0.9.1"

[[package]]
category = "main"
description = "HTML parser based on the WHATWG HTML specification"
name = "html5lib"
optional = false
python-versions = "*"
version = "1.0.1"

[package.dependencies]
six = ">=1.9"
webencodings = "*"

[[package]]
category = "main"
description = "A comprehensive HTTP client library."
name = "httplib2"
optional = false
python-versions = "*"
version = "0.12.3"

[[package]]
category = "main"
description = "OAuth 2.0 client library"
name = "oauth2client"
optional = false
python-versions = "*"
version = "4.1.3"

[package.dependencies]
httplib2 = ">=0.9.1"
pyasn1 = ">=0.1.7"
pyasn1-modules = ">=0.0.5"
rsa = ">=3.1.4"
six = ">=1.6.1"

[[package]]
category = "main"
description = "Python Imaging Library (Fork)"
name = "pillow"
optional = false
python-versions = ">=2.7, !=3.0.*, !=3.1.*, !=3.2.*, !=3.3.*, !=3.4.*"
version = "6.0.0"

[[package]]
category = "main"
description = "ASN.1 types and codecs"
name = "pyasn1"
optional = false
python-versions = "*"
version = "0.4.5"

[[package]]
category = "main"
description = "A collection of ASN.1-based protocols modules."
name = "pyasn1-modules"
optional = false
python-versions = "*"
version = "0.2.5"

[package.dependencies]
pyasn1 = ">=0.4.1,<0.5.0"

[[package]]
category = "main"
description = "Cryptographic library for Python"
name = "pycryptodome"
optional = false
python-versions = ">=2.6, !=3.0.*, !=3.1.*, !=3.2.*, !=3.3.*"
version = "3.8.1"

[[package]]
category = "main"
description = "PDF toolkit"
name = "pypdf2"
optional = false
python-versions = "*"
version = "1.26.0"

[[package]]
category = "main"
description = "World timezone definitions, modern and historical"
name = "pytz"
optional = false
python-versions = "*"
version = "2019.1"

[[package]]
category = "main"
description = "The Reportlab Toolkit"
name = "reportlab"
optional = false
python-versions = "*"
version = "3.5.21"

[package.dependencies]
pillow = ">=4.0.0"

[[package]]
category = "main"
description = "Pure-Python RSA implementation"
name = "rsa"
optional = false
python-versions = "*"
version = "4.0"

[package.dependencies]
pyasn1 = ">=0.1.3"

[[package]]
category = "main"
description = "Python 2 and 3 compatibility utilities"
name = "six"
optional = false
python-versions = ">=2.6, !=3.0.*, !=3.1.*"
version = "1.12.0"

[[package]]
category = "main"
description = "Non-validating SQL parser"
name = "sqlparse"
optional = false
python-versions = ">=2.7, !=3.0.*, !=3.1.*, !=3.2.*, !=3.3.*"
version = "0.3.0"

[[package]]
category = "main"
description = "URI templates"
name = "uritemplate"
optional = false
python-versions = "*"
version = "3.0.0"

[[package]]
category = "main"
description = "Character encoding aliases for legacy web content"
name = "webencodings"
optional = false
python-versions = "*"
version = "0.5.1"

[[package]]
category = "main"
description = "PDF generator using HTML and CSS"
name = "xhtml2pdf"
optional = false
python-versions = "*"
version = "0.2.3"

[package.dependencies]
Pillow = "*"
html5lib = ">=1.0"
pyPdf2 = "*"
reportlab = ">=3.0"
six = "*"

[metadata]
content-hash = "7909fe0530a99cdf84977374befe42f6035b8faf4211ddb1d04765adb0357521"
python-versions = "^3.7"

[metadata.hashes]
cachetools = ["219b7dc6024195b6f2bc3d3f884d1fef458745cd323b04165378622dcc823852", "9efcc9fab3b49ab833475702b55edd5ae07af1af7a4c627678980b45e459c460"]
django = ["6fcc3cbd55b16f9a01f37de8bcbe286e0ea22e87096557f1511051780338eaea", "bb407d0bb46395ca1241f829f5bd03f7e482f97f7d1936e26e98dacb201ed4ec"]
django-crispy-forms = ["5952bab971110d0b86c278132dae0aa095beee8f723e625c3d3fa28888f1675f", "705ededc554ad8736157c666681165fe22ead2dec0d5446d65fc9dd976a5a876"]
google-api-python-client = ["06907006ed5ce831018f03af3852d739c0b2489cdacfda6971bcc2075c762858", "937eabdc3940977f712fa648a096a5142766b6d0a0f58bc603e2ac0687397ef0"]
google-auth = ["0f7c6a64927d34c1a474da92cfc59e552a5d3b940d3266606c6a28b72888b9e4", "20705f6803fd2c4d1cc2dcb0df09d4dfcb9a7d51fd59e94a3a28231fd93119ed"]
google-auth-httplib2 = ["098fade613c25b4527b2c08fa42d11f3c2037dda8995d86de0745228e965d445", "f1c437842155680cf9918df9bc51c1182fda41feef88c34004bd1978c8157e08"]
html5lib = ["20b159aa3badc9d5ee8f5c647e5efd02ed2a66ab8d354930bd9ff139fc1dc0a3", "66cb0dcfdbbc4f9c3ba1a63fdb511ffdbd4f513b2b6d81b80cd26ce6b3fb3736"]
httplib2 = ["23914b5487dfe8ef09db6656d6d63afb0cf3054ad9ebc50868ddc8e166b5f8e8", "a18121c7c72a56689efbf1aef990139ad940fee1e64c6f2458831736cd593600"]
oauth2client = ["b8a81cc5d60e2d364f0b1b98f958dbd472887acaf1a5b05e21c28c31a2d6d3ac", "d486741e451287f69568a4d26d70d9acd73a2bbfa275746c535b4209891cccc6"]
pillow = ["0683e80d81e840d401b687ebc00a02bbb23d0793c34d0852a5af64cfa1589540", "09c4e81c3277199898e8dc2d85d94febad87c41251ecbd447ba7d64d94765bd8", "0ee74a23022af9baf997e3016b4e090e4ff08688d37a6f49010338ab46cfe101", "10860baedfe5da7c43cd17835b091494dcc59dda5ad176a011713fe398ea6ac2", "15c056bfa284c30a7f265a41ac4cbbc93bdbfc0dfe0613b9cb8a8581b51a9e55", "1a4e06ba4f74494ea0c58c24de2bb752818e9d504474ec95b0aa94f6b0a7e479", "1c3c707c76be43c9e99cb7e3d5f1bee1c8e5be8b8a2a5eeee665efbf8ddde91a", "1fd0b290203e3b0882d9605d807b03c0f47e3440f97824586c173eca0aadd99d", "24114e4a6e1870c5a24b1da8f60d0ba77a0b4027907860188ea82bd3508c80eb", "258d886a49b6b058cd7abb0ab4b2b85ce78669a857398e83e8b8e28b317b5abb", "2734c55f7d054b0ad889c971136cbb0a5b35a921e27beaa44fdc2436af529c6e", "2ac36ec56727a95bd5a04dfca6abce1db8042c31ee73b65796a42f31fd52d009", "2bc1002b573d107c0b172a5da0f34b4900b2ddc6c3296b82d601e966d5ac1959", "33c79b6dd6bc7f65079ab9ca5bebffb5f5d1141c689c9c6a7855776d1b09b7e8", "367385fc797b2c31564c427430c7a8630db1a00bd040555dfc1d5c52e39fcd72", "3c1884ff078fb8bf5f63d7d86921838b82ed4a7d0c027add773c2f38b3168754", "44e5240e8f4f8861d748f2a58b3f04daadab5e22bfec896bf5434745f788f33f", "46aa988e15f3ea72dddd81afe3839437b755fffddb5e173886f11460be909dce", "492e1e4df823b57f9334f591c78a1e0e65a361e92594534e0568eeeeea56bbba", "50fb9e25d25cfcb50b2e6842c4e104e4f0b424be4624e1724532bf005c67589a", "5ceadd60dbd1e56ab7faffbfee1df5ecb83c3f0420e47f652cd5306d70eb0296", "74d90d499c9c736d52dd6d9b7221af5665b9c04f1767e35f5dd8694324bd4601", "7eeac51fc37e6b19631a4b8e38b8261a074efcf7cc27fc16a6bee4697af7aaa5", "809c0a2ce9032cbcd7b5313f71af4bdc5c8c771cb86eb7559afd954cab82ebb5", "85d1ef2cdafd5507c4221d201aaf62fc9276f8b0f71bd3933363e62a33abc734", "8c3889c7681af77ecfa4431cd42a2885d093ecb811e81fbe5e203abc07e0995b", "9218d81b9fca98d2c47d35d688a0cea0c42fd473159dfd5612dcb0483c63e40b", "9319215530e236822169cbe92426cdc18d16b88c943fdf365a6309a89876e335", "96ec275c83bf839972d6a7dd7d685fdfb6a3233c3c382ecff839d04e7d53955d", "9aa4f3827992288edd37c9df345783a69ef58bd20cc02e64b36e44bcd157bbf1", "9d80f44137a70b6f84c750d11019a3419f409c944526a95219bea0ac31f4dd91", "b7ebd36128a2fe93991293f997e44be9286503c7530ace6a55b938b20be288d8", "c30857e1fbf7d4a4b79d7d376eefaf293ea4307b8293d00a62e6f517f51bfe9b", "c4c78e2c71c257c136cdd43869fd3d5e34fc2162dc22e4a5406b0ebe86958239", "c5472ea3945e8f9eb0659f37fc1f592fd06f4f725f0f03774a8999ad8c130334", "c6a842537f887be1fe115d8abb5daa9bc8cc124e455ff995830cc785624a97af", "cf0a2e040fdf5a6d95f4c286c6ef1df6b36c218b528c8a9158ec2452a804b9b8", "cfd28aad6fc61f7a5d4ee556a997dc6e5555d9381d1390c00ecaf984d57e4232", "d0fd1ec2e7c3e0aeaae999efe83f5d0f42c1160a1f8be5120d40857d20baa452", "dca5660e25932771460d4688ccbb515677caaf8595f3f3240ec16c117deff89a", "de7aedc85918c2f887886442e50f52c1b93545606317956d65f342bd81cb4fc3", "e6c0bbf8e277b74196e3140c35f9a1ae3eafd818f7f2d3a15819c49135d6c062"]
pyasn1 = ["061442c60842f6d11051d4fdae9bc197b64bd41573a12234a753a0cb80b4f30b", "0ee2449bf4c4e535823acc25624c45a8b454f328d59d3f3eeb82d3567100b9bd", "5f9fb05c33e53b9a6ee3b1ed1d292043f83df465852bec876e93b47fd2df7eed", "65201d28e081f690a32401e6253cca4449ccacc8f3988e811fae66bd822910ee", "79b336b073a52fa3c3d8728e78fa56b7d03138ef59f44084de5f39650265b5ff", "8ec20f61483764de281e0b4aba7d12716189700debcfa9e7935780850bf527f3", "9458d0273f95d035de4c0d5e0643f25daba330582cc71bb554fe6969c015042a", "98d97a1833a29ca61cd04a60414def8f02f406d732f9f0bcb49f769faff1b699", "b00d7bfb6603517e189d1ad76967c7e805139f63e43096e5f871d1277f50aea5", "b06c0cfd708b806ea025426aace45551f91ea7f557e0c2d4fbd9a4b346873ce0", "d14d05984581770333731690f5453efd4b82e1e5d824a1d7976b868a2e5c38e8", "da2420fe13a9452d8ae97a0e478adde1dee153b11ba832a95b223a2ba01c10f7", "da6b43a8c9ae93bc80e2739efb38cc776ba74a886e3e9318d65fe81a8b8a2c6e"]
pyasn1-modules = ["230730c6e63d283df75459b1b791d73648f801fd46ffcc9eb1abd16c67dfa3a6", "27f09b212203f820bc982937bd41952e856610dbd7c48d9366e8e63a551824c8", "490ed2974883c6e3d0ee53f53b32427f29ea030345c11d690788d1ed31ed666b", "49663b587853cd8783427d2fd115c862916bdd3c01656a8110ecd1950699e28f", "4df864e4dd01e600ffe280191a6630bb5b86d46382c1bcec4d03a700cb35c8b9", "6eeef742c31e285c23ebef32d8e0fee5e4ee1a563bb5171684621165b7e65627", "d1c66c80615ee74b1f3867d31b14e81f5f961a0e1afe5429838f21b5065d0161", "d7aa971a8cd79482ec5ae98705b54fdfaf834c24ed93ebc83f422c7700412b47", "e573fcf31e72c2ede48a58c8559fe9083cd007623c99a3eaf0c8f5719c09a2f8", "e980f089e3ec8116d6a5154c80f002ca941ad3446b5048a5b6d225f24ded85bb", "ef721f68f7951fab9b0404d42590f479e30d9005daccb1699b0a51bb4177db96", "f01c6899938f635b2ff4d158e760625416e20f03c612cfc9da7e97798c84e916", "f309b6c94724aeaf7ca583feb1cc70430e10d7551de5e36edfc1ae6909bcfb3c"]
pycryptodome = ["02838a7184803c05710ccb4f3c9129fe26b2634f04daf017a3490d8be5f55b62", "04b710f55141c06388aa60d6d4a1d704b79f25b03fa9e61b0b1b9fcf0766e2ea", "0c54852415567fc53b656b528612d3f8084c127086c38370a2985fbac4892298", "0e59d4e06b0cdb57132387144051101eaa9bbde447b62db9660345d247212ff9", "134479b4f4743402e7e8740f1bf3d779efd95b467c2535c600332b55d0b34686", "1961a6cbd30926a812809efd0f17bd677f54857ac5fd0b0e2638ad4891407dd0", "1e8f2d1b97578f0950a46128cca8b2dc44f224c4c08309a66ca53c4a33839fdd", "213d360d5e145a2ff4d9d90afab9e2b2d99174114aa4b4c04888937730c7ef57", "24dc9a6bc59d4e4fb182197327db1e92e15c598729889132195b420dbcc48468", "3c24117d7fc65f5e299550abd7fa5c612813d0891b4db36d8b8cd02442674306", "432b19da6106785825cbcaea50a8c3846ec9cd4678702f89e02985d27a73a314", "5897e1e336c30274279f23a0f1ea81fdb43c51b514d6ac0f376ff835f420a33e", "68ad0ce4a374577a26bb7f458575abe3c2a342818b5280de6e5738870b7761b3", "68e50aa3230841dc296004e084ceb74225c92da951cff808122242af8a735501", "74bd385d89aca3f8860d56caadead5dcb9e1abdf5774739c4aa9fe3cf56bb34f", "783cffd29fb0dbf6498bd225c1b7194f8372258166c7585fb777075226b04b64", "933750922193899d5601404c0d0637c4da12593ac2c54a16ba841b8afef44c9b", "9871164f10b7bc87b88559b66e632528e766fcd0a84324a803860883b51f4c87", "99a2f931e1bf87c95e465bc74ef0276ce735f1def575d52b67e117f712a63243", "a53be389125c79728658bf42bf711a277c8ac1b3690d26303bb8b0a9217d8cb9", "a68e85d19a870d8f54d7d78fbdefac640bb694aca216223b5987456cdf4d50ff", "ae4070cfa271f78e9f74cde4f6b8c3869facfa4749b96e9bc7fbd1959d75f167", "b3d3215c5a3392a6c1f537d38c13e014d93f9b33277048f06c7ede4c6926b8bd", "df1d5540021b79230cfe8f80bb1f13ee1a626eab10161a26784b78c122c845db", "dfdca3079aac696a25edb9a0b59595b9b776426f61587bf5a974596da217834e", "e874188bb9c274de2dcc0995e885f15732fd0a43c7ef581eff54eef2b11d83c7", "e9ff57287d899d2c4e17e523ac46d1e90902f3b36a81f0e6817238ff0219597f", "ecb7718fc0087a67023fb4a78dd8ebb883d66c49f0465ad656b3213bb1841631"]
pypdf2 = ["e28f902f2f0a1603ea95ebe21dff311ef09be3d0f0ef29a3e44a932729564385"]
pytz = ["303879e36b721603cc54604edcac9d20401bdbe31e1e4fdee5b9f98d5d31dfda", "d747dd3d23d77ef44c6a3526e274af6efeb0a6f1afd5a69ba4d5be4098c8e141"]
reportlab = ["04b9bf35127974f734bddddf48860732361e31c1220c0ebe4f683f19d5cfc3b8", "073da867efdf9e0d6cba2a566f5929ef0bb9fb757b53a7132b91db9869441859", "08e6e63a4502d3a00062ba9ff9669f95577fbdb1a5f8c6cdb1230c5ee295273a", "0960567b9d937a288efa04753536dce1dbb032a1e1f622fd92efbe85b8cccf6e", "1870e321c5d7772fd6e5538a89562ed8b40687ed0aec254197dc73e9d700e62f", "1eac902958a7f66c30e1115fa1a80bf6a7aa57680427cfcb930e13c746142150", "1f6cdcdaf6ab78ab3efd21b23c27e4487a5c0816202c3578b277f441f984a51f", "281443252a335489ce4b8b150afccdc01c74daf97e962fd99a8c2d59c8b333d3", "2ae66e61b03944c5ed1f3c96bbc51160cce4aa28cbe96f205b464017cdfc851c", "34d348575686390676757876fef50f6e32e3a59ff7d549e022b5f3b8a9f7e564", "508224a11ec9ef203ae2fd2177e903d36d3b840eeb8ac70747f53eeb373db439", "5c497c9597a346d27007507cddc2a792f8ca5017268738fd35c374c224d81988", "6e0d9efe78526ddf5ad1d2357f6b2b0f5d7df354ac559358e3d056bdd12fdabf", "817dfd400c5e694cbb6eb87bc932cd3d97cf5d79d918329b8f99085a7979bb29", "8d6ed4357eb0146501ebdb7226c87ef98a9bcbc6d54401ec676fa905b6355e00", "8e681324ce457cc3d5c0949c92d590ac4401347b5df55f6fde207b42316d42d2", "926981544d37554b44c6f067c3f94981831f9ef3f2665fa5f4114b23a140f596", "92a0bf5cc2d9418115bff46032964d25bb21c0ac8bcdf6bee5769ca810a54a5a", "9a3e7495e223fc4a9bdcd356972c230d32bf8c7a57442ca5b8c2ff6b19e6007b", "a31f424020176e96a0ff0229f7f251d865c5409ddf074f695b97ba604f173b48", "aa0c35b22929c19ecd48d5c1734e420812f269f463d1ef138e0adb28069c3150", "b36b555cdbdd51f9f00a7606966ec6d4d30d74c61d1523a1ac56bbeb83a15ed3", "cd3d9765b8f446c25d75a4456d8781c4781de0f10f860dff5cb69bbe526e8f53", "d3daa4f19d1dc2fc1fc2591e1354edd95439b9e9953ca8b374d41524d434b315", "d8f1878bc1fc91c63431e9b0f1940ff18b70c059f6d38f2be1e34ce9ffcc28ea", "ddca7479d29f9dfbfc69057764239ec7753b49a3b0dcbed08f70cbef8fccfee6", "f28f3a965d15c88c797cf33968bdaa5a04aabcf321d3f6fcf14d7e7fde8d90f3", "fcca214bf340f59245fff792134a9ac333d21eeef19a874a69ecc926b4c992a4"]
rsa = ["14ba45700ff1ec9eeb206a2ce76b32814958a98e372006c8fb76ba820211be66", "1a836406405730121ae9823e19c6e806c62bbad73f890574fff50efa4122c487"]
six = ["3350809f0555b11f552448330d0b52d5f24c91a322ea4a15ef22629740f3761c", "d16a0141ec1a18405cd4ce8b4613101da75da0e9a7aec5bdd4fa804d0e0eba73"]
sqlparse = ["40afe6b8d4b1117e7dff5504d7a8ce07d9a1b15aeeade8a2d10f130a834f8177", "7c3dca29c022744e95b547e867cee89f4fce4373f3549ccd8797d8eb52cdb873"]
uritemplate = ["01c69f4fe8ed503b2951bef85d996a9d22434d2431584b5b107b2981ff416fbd", "1b9c467a940ce9fb9f50df819e8ddd14696f89b9a8cc87ac77952ba416e0a8fd", "c02643cebe23fc8adb5e6becffe201185bf06c40bda5c0b4028a93f1527d011d"]
webencodings = ["a0af1213f3c2226497a97e2b3aa01a7e4bee4f403f95be16fc9acd2947514a78", "b36a1c245f2d304965eb4e0a82848379241dc04b865afcc4aab16748587e1923"]
xhtml2pdf = ["86a37e78d7a8d8bb2761746c3d559e12284d92c4d531b3a8a0f8fd632b436f82"]
